# This file is @generated by PDM.
# It is not intended for manual editing.

[metadata]
groups = ["default", "gui"]
strategy = ["inherit_metadata"]
lock_version = "4.5.0"
content_hash = "sha256:b637798bf8a14d9cf653f5689fb4085b1a7b584bb26709ce86af1ed298bab3c0"

[[metadata.targets]]
requires_python = "~=3.13"

[[package]]
name = "amaranth"
version = "0.5.8"
requires_python = "~=3.8"
summary = "Amaranth hardware definition language"
groups = ["default"]
dependencies = [
    "Jinja2~=3.0",
    "importlib-resources; python_version < \"3.9\"",
    "jschon~=0.11.1",
    "pyvcd<0.5,>=0.2.2",
]
files = [
    {file = "amaranth-0.5.8-py3-none-any.whl", hash = "sha256:6c32bd3422c700d246904032c1252f0a84225d2bdf9e26de4bc7df2ec83a8b39"},
    {file = "amaranth-0.5.8.tar.gz", hash = "sha256:a9d6221fdb002614e82ac3603d245827829f279e8eb5fc543c948ea3609328ea"},
]

[[package]]
name = "amaranth-yosys"
version = "0.50.0.0.post121"
requires_python = "~=3.8"
summary = "Specialized WebAssembly build of Yosys used by Amaranth HDL"
groups = ["default"]
dependencies = [
    "importlib-resources>=1.4; python_version < \"3.9\"",
    "wasmtime<43,>=1",
]
files = [
    {file = "amaranth_yosys-0.50.0.0.post121-py3-none-any.whl", hash = "sha256:00bfd06a3a1ec60abe0170d570645c4dde38700ccd163bc73df29ed8f9b31a96"},
]

[[package]]
name = "click"
version = "8.3.1"
requires_python = ">=3.10"
summary = "Composable command line interface toolkit"
groups = ["default"]
dependencies = [
    "colorama; platform_system == \"Windows\"",
]
files = [
    {file = "click-8.3.1-py3-none-any.whl", hash = "sha256:981153a64e25f12d547d3426c367a4857371575ee7ad18df2a6183ab0545b2a6"},
    {file = "click-8.3.1.tar.gz", hash = "sha256:12ff4785d337a1bb490bb7e9c2b1ee5da3112e94a8622f26a6c77f5d2fc6842a"},
]

[[package]]
name = "cobs"
version = "1.2.2"
requires_python = ">=3.6"
summary = "Consistent Overhead Byte Stuffing (COBS)"
groups = ["default"]
files = [
    {file = "cobs-1.2.2-cp313-cp313-win32.whl", hash = "sha256:a8fdf6ca70247e7271caea6f2f6f9c0343f5e872e2fd47e21f71831fa9ababa8"},
    {file = "cobs-1.2.2-cp313-cp313-win_amd64.whl", hash = "sha256:fe3f7194d5fbbc02e8fb03d26ad626a33fa0d420b50d66ed60ac4bf516322d8e"},
    {file = "cobs-1.2.2-cp314-cp314-win32.whl", hash = "sha256:bcf08cb0b68c1824a87cfa89e0684d5a3eaee9b9e08b02ce4a54d5589536f01c"},
    {file = "cobs-1.2.2-cp314-cp314-win_amd64.whl", hash = "sha256:1f27b7a553d809487287e4ed88540b2c30ed9c9bb596173bfcf549e705af7bf0"},
    {file = "cobs-1.2.2.tar.gz", hash = "sha256:dbdd5e32111d72786f83d0c269215dcd6ac629b1ac1962c6878221f3b2ca98da"},
]

[[package]]
name = "colorama"
version = "0.4.6"
requires_python = "!=3.0.*,!=3.1.*,!=3.2.*,!=3.3.*,!=3.4.*,!=3.5.*,!=3.6.*,>=2.7"
summary = "Cross-platform colored terminal text."
groups = ["default", "gui"]
files = [
    {file = "colorama-0.4.6-py2.py3-none-any.whl", hash = "sha256:4f1d9991f5acc0ca119f9d443620b77f9d6b33703e51011c16baf57afb285fc6"},
    {file = "colorama-0.4.6.tar.gz", hash = "sha256:08695f5cb7ed6e0531a20572697297273c47b8cae5a63ffc6d6ed5c201be6e44"},
]

[[package]]
name = "enum-tools"
version = "0.13.0"
requires_python = ">=3.7"
summary = "Tools to expand Python's enum module."
groups = ["default"]
dependencies = [
    "pygments>=2.6.1",
    "typing-extensions>=3.7.4.3",
]
files = [
    {file = "enum_tools-0.13.0-py3-none-any.whl", hash = "sha256:e0112b16767dd08cb94105844b52770eae67ece6f026916a06db4a3d330d2a95"},
    {file = "enum_tools-0.13.0.tar.gz", hash = "sha256:0d13335e361d300dc0f8fd82c8cf9951417246f9676144f5ee1761eb690228eb"},
]

[[package]]
name = "fx2"
version = "0.13"
summary = "A Python package for interacting with Cypress EZ-USB FX2 series chips"
groups = ["default"]
dependencies = [
    "libusb1>=1.0",
]
files = [
    {file = "fx2-0.13-py3-none-any.whl", hash = "sha256:1d0f5507e94927de4c558d5d40a8b3986eec1259c773a83dae05795614d15b0e"},
]

[[package]]
name = "glasgow"
version = "0.1.dev2845"
requires_python = "<4,>=3.13"
subdirectory = "software"
git = "https://github.com/GlasgowEmbedded/glasgow"
ref = "main"
revision = "785c83ff96b4a1b71655262fc5ddf93538baec77"
summary = "Software for the Glasgow Interface Explorer, a digital interface multitool"
groups = ["default"]
dependencies = [
    "amaranth<0.6,>=0.5.8",
    "cobs>=1.2.1",
    "enum-tools==0.13.0",
    "fx2<1,>=0.11",
    "importlib-resources~=6.5.2",
    "libusb1>=3.3.0; sys_platform != \"emscripten\"",
    "packaging>=23.0",
    "platformdirs<5,>=3.0.0",
    "pyvcd<0.5,>=0.4.1",
    "tqdm>=4.67.3",
    "typing-extensions<5,>=4.8",
]

[[package]]
name = "glasgow"
version = "0.1.dev2845"
extras = ["builtin-toolchain"]
requires_python = "<4,>=3.13"
subdirectory = "software"
git = "https://github.com/GlasgowEmbedded/glasgow"
ref = "main"
revision = "785c83ff96b4a1b71655262fc5ddf93538baec77"
summary = "Software for the Glasgow Interface Explorer, a digital interface multitool"
groups = ["default"]
dependencies = [
    "amaranth-yosys",
    "glasgow @ git+https://github.com/GlasgowEmbedded/glasgow@main#subdirectory=software",
    "yowasp-nextpnr-ice40>=0.1",
    "yowasp-runtime>=1.42",
    "yowasp-yosys!=0.54.*,!=0.55.*,!=0.56.*,>=0.31.0.13",
]

[[package]]
name = "importlib-resources"
version = "6.5.2"
requires_python = ">=3.9"
summary = "Read resources from Python packages"
groups = ["default"]
dependencies = [
    "zipp>=3.1.0; python_version < \"3.10\"",
]
files = [
    {file = "importlib_resources-6.5.2-py3-none-any.whl", hash = "sha256:789cfdc3ed28c78b67a06acb8126751ced69a3d5f79c095a98298cd8a760ccec"},
    {file = "importlib_resources-6.5.2.tar.gz", hash = "sha256:185f87adef5bcc288449d98fb4fba07cea78bc036455dd44c5fc4a2fe78fed2c"},
]

[[package]]
name = "jinja2"
version = "3.1.6"
requires_python = ">=3.7"
summary = "A very fast and expressive template engine."
groups = ["default"]
dependencies = [
    "MarkupSafe>=2.0",
]
files = [
    {file = "jinja2-3.1.6-py3-none-any.whl", hash = "sha256:85ece4451f492d0c13c5dd7c13a64681a86afae63a5f347908daf103ce6d2f67"},
    {file = "jinja2-3.1.6.tar.gz", hash = "sha256:0137fb05990d35f1275a587e9aee6d56da821fc83491a0fb838183be43f66d6d"},
]

[[package]]
name = "jschon"
version = "0.11.1"
requires_python = "~=3.8"
summary = "A JSON toolkit for Python developers."
groups = ["default"]
dependencies = [
    "rfc3986",
]
files = [
    {file = "jschon-0.11.1-py3-none-any.whl", hash = "sha256:2350e8b6747b17358022960f91208bea70de448b914827af3184d30e20500f0f"},
    {file = "jschon-0.11.1.tar.gz", hash = "sha256:c0ca0beab1f1694a03d726b91ed75ec604a7787af3ae91ead765f78215bf149f"},
]

[[package]]
name = "libusb1"
version = "3.3.1"
summary = "Pure-python wrapper for libusb-1.0"
groups = ["default"]
files = [
    {file = "libusb1-3.3.1-py3-none-any.whl", hash = "sha256:808c9362299dcee01651aa87e71e9d681ccedb27fc4dbd70aaf14e245fb855f1"},
    {file = "libusb1-3.3.1-py3-none-win32.whl", hash = "sha256:0ef69825173ce74af34444754c081cc324233edc6acc405658b3ad784833e076"},
    {file = "libusb1-3.3.1-py3-none-win_amd64.whl", hash = "sha256:6e21b772d80d6487fbb55d3d2141218536db302da82f1983754e96c72781c102"},
    {file = "libusb1-3.3.1.tar.gz", hash = "sha256:3951d360f2daf0e0eacf839e15d2d1d2f4f5e7830231eb3188eeffef2dd17bad"},
]

[[package]]
name = "markupsafe"
version = "3.0.3"
requires_python = ">=3.9"
summary = "Safely add untrusted strings to HTML/XML markup."
groups = ["default"]
files = [
    {file = "markupsafe-3.0.3-cp313-cp313-macosx_10_13_x86_64.whl", hash = "sha256:e1cf1972137e83c5d4c136c43ced9ac51d0e124706ee1c8aa8532c1287fa8795"},
    {file = "markupsafe-3.0.3-cp313-cp313-macosx_11_0_arm64.whl", hash = "sha256:116bb52f642a37c115f517494ea5feb03889e04df47eeff5b130b1808ce7c219"},
    {file = "markupsafe-3.0.3-cp313-cp313-manylinux2014_aarch64.manylinux_2_17_aarch64.manylinux_2_28_aarch64.whl", hash = "sha256:133a43e73a802c5562be9bbcd03d090aa5a1fe899db609c29e8c8d815c5f6de6"},
    {file = "markupsafe-3.0.3-cp313-cp313-manylinux2014_x86_64.manylinux_2_17_x86_64.manylinux_2_28_x86_64.whl", hash = "sha256:ccfcd093f13f0f0b7fdd0f198b90053bf7b2f02a3927a30e63f3ccc9df56b676"},
    {file = "markupsafe-3.0.3-cp313-cp313-manylinux_2_31_riscv64.manylinux_2_39_riscv64.whl", hash = "sha256:509fa21c6deb7a7a273d629cf5ec029bc209d1a51178615ddf718f5918992ab9"},
    {file = "markupsafe-3.0.3-cp313-cp313-musllinux_1_2_aarch64.whl", hash = "sha256:a4afe79fb3de0b7097d81da19090f4df4f8d3a2b3adaa8764138aac2e44f3af1"},
    {file = "markupsafe-3.0.3-cp313-cp313-musllinux_1_2_riscv64.whl", hash = "sha256:795e7751525cae078558e679d646ae45574b47ed6e7771863fcc079a6171a0fc"},
    {file = "markupsafe-3.0.3-cp313-cp313-musllinux_1_2_x86_64.whl", hash = "sha256:8485f406a96febb5140bfeca44a73e3ce5116b2501ac54fe953e488fb1d03b12"},
    {file = "markupsafe-3.0.3-cp313-cp313-win32.whl", hash = "sha256:bdd37121970bfd8be76c5fb069c7751683bdf373db1ed6c010162b2a130248ed"},
    {file = "markupsafe-3.0.3-cp313-cp313-win_amd64.whl", hash = "sha256:9a1abfdc021a164803f4d485104931fb8f8c1efd55bc6b748d2f5774e78b62c5"},
    {file = "markupsafe-3.0.3-cp313-cp313-win_arm64.whl", hash = "sha256:7e68f88e5b8799aa49c85cd116c932a1ac15caaa3f5db09087854d218359e485"},
    {file = "markupsafe-3.0.3-cp313-cp313t-macosx_10_13_x86_64.whl", hash = "sha256:218551f6df4868a8d527e3062d0fb968682fe92054e89978594c28e642c43a73"},
    {file = "markupsafe-3.0.3-cp313-cp313t-macosx_11_0_arm64.whl", hash = "sha256:3524b778fe5cfb3452a09d31e7b5adefeea8c5be1d43c4f810ba09f2ceb29d37"},
    {file = "markupsafe-3.0.3-cp313-cp313t-manylinux2014_aarch64.manylinux_2_17_aarch64.manylinux_2_28_aarch64.whl", hash = "sha256:4e885a3d1efa2eadc93c894a21770e4bc67899e3543680313b09f139e149ab19"},
    {file = "markupsafe-3.0.3-cp313-cp313t-manylinux2014_x86_64.manylinux_2_17_x86_64.manylinux_2_28_x86_64.whl", hash = "sha256:8709b08f4a89aa7586de0aadc8da56180242ee0ada3999749b183aa23df95025"},
    {file = "markupsafe-3.0.3-cp313-cp313t-manylinux_2_31_riscv64.manylinux_2_39_riscv64.whl", hash = "sha256:b8512a91625c9b3da6f127803b166b629725e68af71f8184ae7e7d54686a56d6"},
    {file = "markupsafe-3.0.3-cp313-cp313t-musllinux_1_2_aarch64.whl", hash = "sha256:9b79b7a16f7fedff2495d684f2b59b0457c3b493778c9eed31111be64d58279f"},
    {file = "markupsafe-3.0.3-cp313-cp313t-musllinux_1_2_riscv64.whl", hash = "sha256:12c63dfb4a98206f045aa9563db46507995f7ef6d83b2f68eda65c307c6829eb"},
    {file = "markupsafe-3.0.3-cp313-cp313t-musllinux_1_2_x86_64.whl", hash = "sha256:8f71bc33915be5186016f675cd83a1e08523649b0e33efdb898db577ef5bb009"},
    {file = "markupsafe-3.0.3-cp313-cp313t-win32.whl", hash = "sha256:69c0b73548bc525c8cb9a251cddf1931d1db4d2258e9599c28c07ef3580ef354"},
    {file = "markupsafe-3.0.3-cp313-cp313t-win_amd64.whl", hash = "sha256:1b4b79e8ebf6b55351f0d91fe80f893b4743f104bff22e90697db1590e47a218"},
    {file = "markupsafe-3.0.3-cp313-cp313t-win_arm64.whl", hash = "sha256:ad2cf8aa28b8c020ab2fc8287b0f823d0a7d8630784c31e9ee5edea20f406287"},
    {file = "markupsafe-3.0.3-cp314-cp314-macosx_10_13_x86_64.whl", hash = "sha256:eaa9599de571d72e2daf60164784109f19978b327a3910d3e9de8c97b5b70cfe"},
    {file = "markupsafe-3.0.3-cp314-cp314-macosx_11_0_arm64.whl", hash = "sha256:c47a551199eb8eb2121d4f0f15ae0f923d31350ab9280078d1e5f12b249e0026"},
    {file = "markupsafe-3.0.3-cp314-cp314-manylinux2014_aarch64.manylinux_2_17_aarch64.manylinux_2_28_aarch64.whl", hash = "sha256:f34c41761022dd093b4b6896d4810782ffbabe30f2d443ff5f083e0cbbb8c737"},
    {file = "markupsafe-3.0.3-cp314-cp314-manylinux2014_x86_64.manylinux_2_17_x86_64.manylinux_2_28_x86_64.whl", hash = "sha256:457a69a9577064c05a97c41f4e65148652db078a3a509039e64d3467b9e7ef97"},
    {file = "markupsafe-3.0.3-cp314-cp314-manylinux_2_31_riscv64.manylinux_2_39_riscv64.whl", hash = "sha256:e8afc3f2ccfa24215f8cb28dcf43f0113ac3c37c2f0f0806d8c70e4228c5cf4d"},
    {file = "markupsafe-3.0.3-cp314-cp314-musllinux_1_2_aarch64.whl", hash = "sha256:ec15a59cf5af7be74194f7ab02d0f59a62bdcf1a537677ce67a2537c9b87fcda"},
    {file = "markupsafe-3.0.3-cp314-cp314-musllinux_1_2_riscv64.whl", hash = "sha256:0eb9ff8191e8498cca014656ae6b8d61f39da5f95b488805da4bb029cccbfbaf"},
    {file = "markupsafe-3.0.3-cp314-cp314-musllinux_1_2_x86_64.whl", hash = "sha256:2713baf880df847f2bece4230d4d094280f4e67b1e813eec43b4c0e144a34ffe"},
    {file = "markupsafe-3.0.3-cp314-cp314-win32.whl", hash = "sha256:729586769a26dbceff69f7a7dbbf59ab6572b99d94576a5592625d5b411576b9"},
    {file = "markupsafe-3.0.3-cp314-cp314-win_amd64.whl", hash = "sha256:bdc919ead48f234740ad807933cdf545180bfbe9342c2bb451556db2ed958581"},
    {file = "markupsafe-3.0.3-cp314-cp314-win_arm64.whl", hash = "sha256:5a7d5dc5140555cf21a6fefbdbf8723f06fcd2f63ef108f2854de715e4422cb4"},
    {file = "markupsafe-3.0.3-cp314-cp314t-macosx_10_13_x86_64.whl", hash = "sha256:1353ef0c1b138e1907ae78e2f6c63ff67501122006b0f9abad68fda5f4ffc6ab"},
    {file = "markupsafe-3.0.3-cp314-cp314t-macosx_11_0_arm64.whl", hash = "sha256:1085e7fbddd3be5f89cc898938f42c0b3c711fdcb37d75221de2666af647c175"},
    {file = "markupsafe-3.0.3-cp314-cp314t-manylinux2014_aarch64.manylinux_2_17_aarch64.manylinux_2_28_aarch64.whl", hash = "sha256:1b52b4fb9df4eb9ae465f8d0c228a00624de2334f216f178a995ccdcf82c4634"},
    {file = "markupsafe-3.0.3-cp314-cp314t-manylinux2014_x86_64.manylinux_2_17_x86_64.manylinux_2_28_x86_64.whl", hash = "sha256:fed51ac40f757d41b7c48425901843666a6677e3e8eb0abcff09e4ba6e664f50"},
    {file = "markupsafe-3.0.3-cp314-cp314t-manylinux_2_31_riscv64.manylinux_2_39_riscv64.whl", hash = "sha256:f190daf01f13c72eac4efd5c430a8de82489d9cff23c364c3ea822545032993e"},
    {file = "markupsafe-3.0.3-cp314-cp314t-musllinux_1_2_aarch64.whl", hash = "sha256:e56b7d45a839a697b5eb268c82a71bd8c7f6c94d6fd50c3d577fa39a9f1409f5"},
    {file = "markupsafe-3.0.3-cp314-cp314t-musllinux_1_2_riscv64.whl", hash = "sha256:f3e98bb3798ead92273dc0e5fd0f31ade220f59a266ffd8a4f6065e0a3ce0523"},
    {file = "markupsafe-3.0.3-cp314-cp314t-musllinux_1_2_x86_64.whl", hash = "sha256:5678211cb9333a6468fb8d8be0305520aa073f50d17f089b5b4b477ea6e67fdc"},
    {file = "markupsafe-3.0.3-cp314-cp314t-win32.whl", hash = "sha256:915c04ba3851909ce68ccc2b8e2cd691618c4dc4c4232fb7982bca3f41fd8c3d"},
    {file = "markupsafe-3.0.3-cp314-cp314t-win_amd64.whl", hash = "sha256:4faffd047e07c38848ce017e8725090413cd80cbc23d86e55c587bf979e579c9"},
    {file = "markupsafe-3.0.3-cp314-cp314t-win_arm64.whl", hash = "sha256:32001d6a8fc98c8cb5c947787c5d08b0a50663d139f1305bac5885d98d9b40fa"},
    {file = "markupsafe-3.0.3.tar.gz", hash = "sha256:722695808f4b6457b320fdc131280796bdceb04ab50fe1795cd540799ebe1698"},
]

[[package]]
name = "numpy"
version = "2.4.3"
requires_python = ">=3.11"
summary = "Fundamental package for array computing in Python"
groups = ["default", "gui"]
files = [
    {file = "numpy-2.4.3-cp313-cp313-macosx_10_13_x86_64.whl", hash = "sha256:b346845443716c8e542d54112966383b448f4a3ba5c66409771b8c0889485dd3"},
    {file = "numpy-2.4.3-cp313-cp313-macosx_11_0_arm64.whl", hash = "sha256:2629289168f4897a3c4e23dc98d6f1731f0fc0fe52fb9db19f974041e4cc12b9"},
    {file = "numpy-2.4.3-cp313-cp313-macosx_14_0_arm64.whl", hash = "sha256:bb2e3cf95854233799013779216c57e153c1ee67a0bf92138acca0e429aefaee"},
    {file = "numpy-2.4.3-cp313-cp313-macosx_14_0_x86_64.whl", hash = "sha256:7f3408ff897f8ab07a07fbe2823d7aee6ff644c097cc1f90382511fe982f647f"},
    {file = "numpy-2.4.3-cp313-cp313-manylinux_2_27_aarch64.manylinux_2_28_aarch64.whl", hash = "sha256:decb0eb8a53c3b009b0962378065589685d66b23467ef5dac16cbe818afde27f"},
    {file = "numpy-2.4.3-cp313-cp313-manylinux_2_27_x86_64.manylinux_2_28_x86_64.whl", hash = "sha256:d5f51900414fc9204a0e0da158ba2ac52b75656e7dce7e77fb9f84bfa343b4cc"},
    {file = "numpy-2.4.3-cp313-cp313-musllinux_1_2_aarch64.whl", hash = "sha256:6bd06731541f89cdc01b261ba2c9e037f1543df7472517836b78dfb15bd6e476"},
    {file = "numpy-2.4.3-cp313-cp313-musllinux_1_2_x86_64.whl", hash = "sha256:22654fe6be0e5206f553a9250762c653d3698e46686eee53b399ab90da59bd92"},
    {file = "numpy-2.4.3-cp313-cp313-win32.whl", hash = "sha256:d71e379452a2f670ccb689ec801b1218cd3983e253105d6e83780967e899d687"},
    {file = "numpy-2.4.3-cp313-cp313-win_amd64.whl", hash = "sha256:0a60e17a14d640f49146cb38e3f105f571318db7826d9b6fef7e4dce758faecd"},
    {file = "numpy-2.4.3-cp313-cp313-win_arm64.whl", hash = "sha256:c9619741e9da2059cd9c3f206110b97583c7152c1dc9f8aafd4beb450ac1c89d"},
    {file = "numpy-2.4.3-cp313-cp313t-macosx_11_0_arm64.whl", hash = "sha256:7aa4e54f6469300ebca1d9eb80acd5253cdfa36f2c03d79a35883687da430875"},
    {file = "numpy-2.4.3-cp313-cp313t-macosx_14_0_arm64.whl", hash = "sha256:d1b90d840b25874cf5cd20c219af10bac3667db3876d9a495609273ebe679070"},
    {file = "numpy-2.4.3-cp313-cp313t-macosx_14_0_x86_64.whl", hash = "sha256:a749547700de0a20a6718293396ec237bb38218049cfce788e08fcb716e8cf73"},
    {file = "numpy-2.4.3-cp313-cp313t-manylinux_2_27_aarch64.manylinux_2_28_aarch64.whl", hash = "sha256:94f3c4a151a2e529adf49c1d54f0f57ff8f9b233ee4d44af623a81553ab86368"},
    {file = "numpy-2.4.3-cp313-cp313t-manylinux_2_27_x86_64.manylinux_2_28_x86_64.whl", hash = "sha256:22c31dc07025123aedf7f2db9e91783df13f1776dc52c6b22c620870dc0fab22"},
    {file = "numpy-2.4.3-cp313-cp313t-musllinux_1_2_aarch64.whl", hash = "sha256:148d59127ac95979d6f07e4d460f934ebdd6eed641db9c0db6c73026f2b2101a"},
    {file = "numpy-2.4.3-cp313-cp313t-musllinux_1_2_x86_64.whl", hash = "sha256:a97cbf7e905c435865c2d939af3d93f99d18eaaa3cabe4256f4304fb51604349"},
    {file = "numpy-2.4.3-cp313-cp313t-win32.whl", hash = "sha256:be3b8487d725a77acccc9924f65fd8bce9af7fac8c9820df1049424a2115af6c"},
    {file = "numpy-2.4.3-cp313-cp313t-win_amd64.whl", hash = "sha256:1ec84fd7c8e652b0f4aaaf2e6e9cc8eaa9b1b80a537e06b2e3a2fb176eedcb26"},
    {file = "numpy-2.4.3-cp313-cp313t-win_arm64.whl", hash = "sha256:120df8c0a81ebbf5b9020c91439fccd85f5e018a927a39f624845be194a2be02"},
    {file = "numpy-2.4.3-cp314-cp314-macosx_10_15_x86_64.whl", hash = "sha256:5884ce5c7acfae1e4e1b6fde43797d10aa506074d25b531b4f54bde33c0c31d4"},
    {file = "numpy-2.4.3-cp314-cp314-macosx_11_0_arm64.whl", hash = "sha256:297837823f5bc572c5f9379b0c9f3a3365f08492cbdc33bcc3af174372ebb168"},
    {file = "numpy-2.4.3-cp314-cp314-macosx_14_0_arm64.whl", hash = "sha256:a111698b4a3f8dcbe54c64a7708f049355abd603e619013c346553c1fd4ca90b"},
    {file = "numpy-2.4.3-cp314-cp314-macosx_14_0_x86_64.whl", hash = "sha256:4bd4741a6a676770e0e97fe9ab2e51de01183df3dcbcec591d26d331a40de950"},
    {file = "numpy-2.4.3-cp314-cp314-manylinux_2_27_aarch64.manylinux_2_28_aarch64.whl", hash = "sha256:54f29b877279d51e210e0c80709ee14ccbbad647810e8f3d375561c45ef613dd"},
    {file = "numpy-2.4.3-cp314-cp314-manylinux_2_27_x86_64.manylinux_2_28_x86_64.whl", hash = "sha256:679f2a834bae9020f81534671c56fd0cc76dd7e5182f57131478e23d0dc59e24"},
    {file = "numpy-2.4.3-cp314-cp314-musllinux_1_2_aarch64.whl", hash = "sha256:d84f0f881cb2225c2dfd7f78a10a5645d487a496c6668d6cc39f0f114164f3d0"},
    {file = "numpy-2.4.3-cp314-cp314-musllinux_1_2_x86_64.whl", hash = "sha256:d213c7e6e8d211888cc359bab7199670a00f5b82c0978b9d1c75baf1eddbeac0"},
    {file = "numpy-2.4.3-cp314-cp314-win32.whl", hash = "sha256:52077feedeff7c76ed7c9f1a0428558e50825347b7545bbb8523da2cd55c547a"},
    {file = "numpy-2.4.3-cp314-cp314-win_amd64.whl", hash = "sha256:0448e7f9caefb34b4b7dd2b77f21e8906e5d6f0365ad525f9f4f530b13df2afc"},
    {file = "numpy-2.4.3-cp314-cp314-win_arm64.whl", hash = "sha256:b44fd60341c4d9783039598efadd03617fa28d041fc37d22b62d08f2027fa0e7"},
    {file = "numpy-2.4.3-cp314-cp314t-macosx_11_0_arm64.whl", hash = "sha256:0a195f4216be9305a73c0e91c9b026a35f2161237cf1c6de9b681637772ea657"},
    {file = "numpy-2.4.3-cp314-cp314t-macosx_14_0_arm64.whl", hash = "sha256:cd32fbacb9fd1bf041bf8e89e4576b6f00b895f06d00914820ae06a616bdfef7"},
    {file = "numpy-2.4.3-cp314-cp314t-macosx_14_0_x86_64.whl", hash = "sha256:2e03c05abaee1f672e9d67bc858f300b5ccba1c21397211e8d77d98350972093"},
    {file = "numpy-2.4.3-cp314-cp314t-manylinux_2_27_aarch64.manylinux_2_28_aarch64.whl", hash = "sha256:7d1ce23cce91fcea443320a9d0ece9b9305d4368875bab09538f7a5b4131938a"},
    {file = "numpy-2.4.3-cp314-cp314t-manylinux_2_27_x86_64.manylinux_2_28_x86_64.whl", hash = "sha256:c59020932feb24ed49ffd03704fbab89f22aa9c0d4b180ff45542fe8918f5611"},
    {file = "numpy-2.4.3-cp314-cp314t-musllinux_1_2_aarch64.whl", hash = "sha256:9684823a78a6cd6ad7511fc5e25b07947d1d5b5e2812c93fe99d7d4195130720"},
    {file = "numpy-2.4.3-cp314-cp314t-musllinux_1_2_x86_64.whl", hash = "sha256:0200b25c687033316fb39f0ff4e3e690e8957a2c3c8d22499891ec58c37a3eb5"},
    {file = "numpy-2.4.3-cp314-cp314t-win32.whl", hash = "sha256:5e10da9e93247e554bb1d22f8edc51847ddd7dde52d85ce31024c1b4312bfba0"},
    {file = "numpy-2.4.3-cp314-cp314t-win_amd64.whl", hash = "sha256:45f003dbdffb997a03da2d1d0cb41fbd24a87507fb41605c0420a3db5bd4667b"},
    {file = "numpy-2.4.3-cp314-cp314t-win_arm64.whl", hash = "sha256:4d382735cecd7bcf090172489a525cd7d4087bc331f7df9f60ddc9a296cf208e"},
    {file = "numpy-2.4.3.tar.gz", hash = "sha256:483a201202b73495f00dbc83796c6ae63137a9bdade074f7648b3e32613412dd"},
]

[[package]]
name = "packaging"
version = "26.0"
requires_python = ">=3.8"
summary = "Core utilities for Python packages"
groups = ["default"]
files = [
    {file = "packaging-26.0-py3-none-any.whl", hash = "sha256:b36f1fef9334a5588b4166f8bcd26a14e521f2b55e6b9de3aaa80d3ff7a37529"},
    {file = "packaging-26.0.tar.gz", hash = "sha256:00243ae351a257117b6a241061796684b084ed1c516a08c48a3f7e147a9d80b4"},
]

[[package]]
name = "pillow"
version = "12.1.1"
requires_python = ">=3.10"
summary = "Python Imaging Library (fork)"
groups = ["default"]
files = [
    {file = "pillow-12.1.1-cp313-cp313-ios_13_0_arm64_iphoneos.whl", hash = "sha256:d242e8ac078781f1de88bf823d70c1a9b3c7950a44cdf4b7c012e22ccbcd8e4e"},
    {file = "pillow-12.1.1-cp313-cp313-ios_13_0_arm64_iphonesimulator.whl", hash = "sha256:02f84dfad02693676692746df05b89cf25597560db2857363a208e393429f5e9"},
    {file = "pillow-12.1.1-cp313-cp313-ios_13_0_x86_64_iphonesimulator.whl", hash = "sha256:e65498daf4b583091ccbb2556c7000abf0f3349fcd57ef7adc9a84a394ed29f6"},
    {file = "pillow-12.1.1-cp313-cp313-macosx_10_13_x86_64.whl", hash = "sha256:6c6db3b84c87d48d0088943bf33440e0c42370b99b1c2a7989216f7b42eede60"},
    {file = "pillow-12.1.1-cp313-cp313-macosx_11_0_arm64.whl", hash = "sha256:8b7e5304e34942bf62e15184219a7b5ad4ff7f3bb5cca4d984f37df1a0e1aee2"},
    {file = "pillow-12.1.1-cp313-cp313-manylinux2014_aarch64.manylinux_2_17_aarch64.whl", hash = "sha256:18e5bddd742a44b7e6b1e773ab5db102bd7a94c32555ba656e76d319d19c3850"},
    {file = "pillow-12.1.1-cp313-cp313-manylinux2014_x86_64.manylinux_2_17_x86_64.whl", hash = "sha256:fc44ef1f3de4f45b50ccf9136999d71abb99dca7706bc75d222ed350b9fd2289"},
    {file = "pillow-12.1.1-cp313-cp313-manylinux_2_27_aarch64.manylinux_2_28_aarch64.whl", hash = "sha256:5a8eb7ed8d4198bccbd07058416eeec51686b498e784eda166395a23eb99138e"},
    {file = "pillow-12.1.1-cp313-cp313-manylinux_2_27_x86_64.manylinux_2_28_x86_64.whl", hash = "sha256:47b94983da0c642de92ced1702c5b6c292a84bd3a8e1d1702ff923f183594717"},
    {file = "pillow-12.1.1-cp313-cp313-musllinux_1_2_aarch64.whl", hash = "sha256:518a48c2aab7ce596d3bf79d0e275661b846e86e4d0e7dec34712c30fe07f02a"},
    {file = "pillow-12.1.1-cp313-cp313-musllinux_1_2_x86_64.whl", hash = "sha256:a550ae29b95c6dc13cf69e2c9dc5747f814c54eeb2e32d683e5e93af56caa029"},
    {file = "pillow-12.1.1-cp313-cp313-win32.whl", hash = "sha256:a003d7422449f6d1e3a34e3dd4110c22148336918ddbfc6a32581cd54b2e0b2b"},
    {file = "pillow-12.1.1-cp313-cp313-win_amd64.whl", hash = "sha256:344cf1e3dab3be4b1fa08e449323d98a2a3f819ad20f4b22e77a0ede31f0faa1"},
    {file = "pillow-12.1.1-cp313-cp313-win_arm64.whl", hash = "sha256:5c0dd1636633e7e6a0afe7bf6a51a14992b7f8e60de5789018ebbdfae55b040a"},
    {file = "pillow-12.1.1-cp313-cp313t-macosx_10_13_x86_64.whl", hash = "sha256:0330d233c1a0ead844fc097a7d16c0abff4c12e856c0b325f231820fee1f39da"},
    {file = "pillow-12.1.1-cp313-cp313t-macosx_11_0_arm64.whl", hash = "sha256:5dae5f21afb91322f2ff791895ddd8889e5e947ff59f71b46041c8ce6db790bc"},
    {file = "pillow-12.1.1-cp313-cp313t-manylinux2014_aarch64.manylinux_2_17_aarch64.whl", hash = "sha256:2e0c664be47252947d870ac0d327fea7e63985a08794758aa8af5b6cb6ec0c9c"},
    {file = "pillow-12.1.1-cp313-cp313t-manylinux2014_x86_64.manylinux_2_17_x86_64.whl", hash = "sha256:691ab2ac363b8217f7d31b3497108fb1f50faab2f75dfb03284ec2f217e87bf8"},
    {file = "pillow-12.1.1-cp313-cp313t-manylinux_2_27_aarch64.manylinux_2_28_aarch64.whl", hash = "sha256:e9e8064fb1cc019296958595f6db671fba95209e3ceb0c4734c9baf97de04b20"},
    {file = "pillow-12.1.1-cp313-cp313t-manylinux_2_27_x86_64.manylinux_2_28_x86_64.whl", hash = "sha256:472a8d7ded663e6162dafdf20015c486a7009483ca671cece7a9279b512fcb13"},
    {file = "pillow-12.1.1-cp313-cp313t-musllinux_1_2_aarch64.whl", hash = "sha256:89b54027a766529136a06cfebeecb3a04900397a3590fd252160b888479517bf"},
    {file = "pillow-12.1.1-cp313-cp313t-musllinux_1_2_x86_64.whl", hash = "sha256:86172b0831b82ce4f7877f280055892b31179e1576aa00d0df3bb1bbf8c3e524"},
    {file = "pillow-12.1.1-cp313-cp313t-win32.whl", hash = "sha256:44ce27545b6efcf0fdbdceb31c9a5bdea9333e664cda58a7e674bb74608b3986"},
    {file = "pillow-12.1.1-cp313-cp313t-win_amd64.whl", hash = "sha256:a285e3eb7a5a45a2ff504e31f4a8d1b12ef62e84e5411c6804a42197c1cf586c"},
    {file = "pillow-12.1.1-cp313-cp313t-win_arm64.whl", hash = "sha256:cc7d296b5ea4d29e6570dabeaed58d31c3fea35a633a69679fb03d7664f43fb3"},
    {file = "pillow-12.1.1-cp314-cp314-ios_13_0_arm64_iphoneos.whl", hash = "sha256:417423db963cb4be8bac3fc1204fe61610f6abeed1580a7a2cbb2fbda20f12af"},
    {file = "pillow-12.1.1-cp314-cp314-ios_13_0_arm64_iphonesimulator.whl", hash = "sha256:b957b71c6b2387610f556a7eb0828afbe40b4a98036fc0d2acfa5a44a0c2036f"},
    {file = "pillow-12.1.1-cp314-cp314-ios_13_0_x86_64_iphonesimulator.whl", hash = "sha256:097690ba1f2efdeb165a20469d59d8bb03c55fb6621eb2041a060ae8ea3e9642"},
    {file = "pillow-12.1.1-cp314-cp314-macosx_10_15_x86_64.whl", hash = "sha256:2815a87ab27848db0321fb78c7f0b2c8649dee134b7f2b80c6a45c6831d75ccd"},
    {file = "pillow-12.1.1-cp314-cp314-macosx_11_0_arm64.whl", hash = "sha256:f7ed2c6543bad5a7d5530eb9e78c53132f93dfa44a28492db88b41cdab885202"},
    {file = "pillow-12.1.1-cp314-cp314-manylinux2014_aarch64.manylinux_2_17_aarch64.whl", hash = "sha256:652a2c9ccfb556235b2b501a3a7cf3742148cd22e04b5625c5fe057ea3e3191f"},
    {file = "pillow-12.1.1-cp314-cp314-manylinux2014_x86_64.manylinux_2_17_x86_64.whl", hash = "sha256:d6e4571eedf43af33d0fc233a382a76e849badbccdf1ac438841308652a08e1f"},
    {file = "pillow-12.1.1-cp314-cp314-manylinux_2_27_aarch64.manylinux_2_28_aarch64.whl", hash = "sha256:b574c51cf7d5d62e9be37ba446224b59a2da26dc4c1bb2ecbe936a4fb1a7cb7f"},
    {file = "pillow-12.1.1-cp314-cp314-manylinux_2_27_x86_64.manylinux_2_28_x86_64.whl", hash = "sha256:a37691702ed687799de29a518d63d4682d9016932db66d4e90c345831b02fb4e"},
    {file = "pillow-12.1.1-cp314-cp314-musllinux_1_2_aarch64.whl", hash = "sha256:f95c00d5d6700b2b890479664a06e754974848afaae5e21beb4d83c106923fd0"},
    {file = "pillow-12.1.1-cp314-cp314-musllinux_1_2_x86_64.whl", hash = "sha256:559b38da23606e68681337ad74622c4dbba02254fc9cb4488a305dd5975c7eeb"},
    {file = "pillow-12.1.1-cp314-cp314-win32.whl", hash = "sha256:03edcc34d688572014ff223c125a3f77fb08091e4607e7745002fc214070b35f"},
    {file = "pillow-12.1.1-cp314-cp314-win_amd64.whl", hash = "sha256:50480dcd74fa63b8e78235957d302d98d98d82ccbfac4c7e12108ba9ecbdba15"},
    {file = "pillow-12.1.1-cp314-cp314-win_arm64.whl", hash = "sha256:5cb1785d97b0c3d1d1a16bc1d710c4a0049daefc4935f3a8f31f827f4d3d2e7f"},
    {file = "pillow-12.1.1-cp314-cp314t-macosx_10_15_x86_64.whl", hash = "sha256:1f90cff8aa76835cba5769f0b3121a22bd4eb9e6884cfe338216e557a9a548b8"},
    {file = "pillow-12.1.1-cp314-cp314t-macosx_11_0_arm64.whl", hash = "sha256:1f1be78ce9466a7ee64bfda57bdba0f7cc499d9794d518b854816c41bf0aa4e9"},
    {file = "pillow-12.1.1-cp314-cp314t-manylinux2014_aarch64.manylinux_2_17_aarch64.whl", hash = "sha256:42fc1f4677106188ad9a55562bbade416f8b55456f522430fadab3cef7cd4e60"},
    {file = "pillow-12.1.1-cp314-cp314t-manylinux2014_x86_64.manylinux_2_17_x86_64.whl", hash = "sha256:98edb152429ab62a1818039744d8fbb3ccab98a7c29fc3d5fcef158f3f1f68b7"},
    {file = "pillow-12.1.1-cp314-cp314t-manylinux_2_27_aarch64.manylinux_2_28_aarch64.whl", hash = "sha256:d470ab1178551dd17fdba0fef463359c41aaa613cdcd7ff8373f54be629f9f8f"},
    {file = "pillow-12.1.1-cp314-cp314t-manylinux_2_27_x86_64.manylinux_2_28_x86_64.whl", hash = "sha256:6408a7b064595afcab0a49393a413732a35788f2a5092fdc6266952ed67de586"},
    {file = "pillow-12.1.1-cp314-cp314t-musllinux_1_2_aarch64.whl", hash = "sha256:5d8c41325b382c07799a3682c1c258469ea2ff97103c53717b7893862d0c98ce"},
    {file = "pillow-12.1.1-cp314-cp314t-musllinux_1_2_x86_64.whl", hash = "sha256:c7697918b5be27424e9ce568193efd13d925c4481dd364e43f5dff72d33e10f8"},
    {file = "pillow-12.1.1-cp314-cp314t-win32.whl", hash = "sha256:d2912fd8114fc5545aa3a4b5576512f64c55a03f3ebcca4c10194d593d43ea36"},
    {file = "pillow-12.1.1-cp314-cp314t-win_amd64.whl", hash = "sha256:4ceb838d4bd9dab43e06c363cab2eebf63846d6a4aeaea283bbdfd8f1a8ed58b"},
    {file = "pillow-12.1.1-cp314-cp314t-win_arm64.whl", hash = "sha256:7b03048319bfc6170e93bd60728a1af51d3dd7704935feb228c4d4faab35d334"},
    {file = "pillow-12.1.1.tar.gz", hash = "sha256:9ad8fa5937ab05218e2b6a4cff30295ad35afd2f83ac592e68c0d871bb0fdbc4"},
]

[[package]]
name = "platformdirs"
version = "4.9.4"
requires_python = ">=3.10"
summary = "A small Python package for determining appropriate platform-specific dirs, e.g. a `user data dir`."
groups = ["default"]
files = [
    {file = "platformdirs-4.9.4-py3-none-any.whl", hash = "sha256:68a9a4619a666ea6439f2ff250c12a853cd1cbd5158d258bd824a7df6be2f868"},
    {file = "platformdirs-4.9.4.tar.gz", hash = "sha256:1ec356301b7dc906d83f371c8f487070e99d3ccf9e501686456394622a01a934"},
]

[[package]]
name = "pygments"
version = "2.19.2"
requires_python = ">=3.8"
summary = "Pygments is a syntax highlighting package written in Python."
groups = ["default"]
files = [
    {file = "pygments-2.19.2-py3-none-any.whl", hash = "sha256:86540386c03d588bb81d44bc3928634ff26449851e99741617ecb9037ee5ec0b"},
    {file = "pygments-2.19.2.tar.gz", hash = "sha256:636cb2477cec7f8952536970bc533bc43743542f70392ae026374600add5b887"},
]

[[package]]
name = "pyqt6"
version = "6.10.2"
requires_python = ">=3.9"
summary = "Python bindings for the Qt cross platform application toolkit"
groups = ["gui"]
dependencies = [
    "PyQt6-Qt6<6.11.0,>=6.10.0",
    "PyQt6-sip<14,>=13.8",
]
files = [
    {file = "pyqt6-6.10.2-cp39-abi3-macosx_10_14_universal2.whl", hash = "sha256:37ae7c1183fe4dd0c6aefd2006a35731245de1cb6f817bb9e414a3e4848dfd6d"},
    {file = "pyqt6-6.10.2-cp39-abi3-manylinux_2_34_x86_64.whl", hash = "sha256:78e1b3d5763e4cbc84485aef600e0aba5e1932fd263b716f92cd1a40dfa5e924"},
    {file = "pyqt6-6.10.2-cp39-abi3-manylinux_2_39_aarch64.whl", hash = "sha256:bbc3af541bbecd27301bfe69fe445aa1611a9b490bd3de77306b12df632f7ec6"},
    {file = "pyqt6-6.10.2-cp39-abi3-win_amd64.whl", hash = "sha256:bd328cb70bc382c48861cd5f0a11b2b8ae6f5692d5a2d6679ba52785dced327b"},
    {file = "pyqt6-6.10.2-cp39-abi3-win_arm64.whl", hash = "sha256:7901ba1df024b7ee9fdacfb2b7661aeb3749ae8b0bef65428077de3e0450eabb"},
    {file = "pyqt6-6.10.2.tar.gz", hash = "sha256:6c0db5d8cbb9a3e7e2b5b51d0ff3f283121fa27b864db6d2f35b663c9be5cc83"},
]

[[package]]
name = "pyqt6-qt6"
version = "6.10.2"
summary = "The subset of a Qt installation needed by PyQt6."
groups = ["gui"]
files = [
    {file = "pyqt6_qt6-6.10.2-py3-none-macosx_10_14_x86_64.whl", hash = "sha256:5761cfccc721da2311c3f1213577f0ff1df07bbbbe3fa3a209a256b82cf057e3"},
    {file = "pyqt6_qt6-6.10.2-py3-none-macosx_11_0_arm64.whl", hash = "sha256:6dda853a8db1b8d1a2ddbbe76cc6c3aa86614cad14056bd3c0435d8feea73b2d"},
    {file = "pyqt6_qt6-6.10.2-py3-none-manylinux_2_34_x86_64.whl", hash = "sha256:19c10b5f0806e9f9bac2c9759bd5d7d19a78967f330fd60a2db409177fa76e49"},
    {file = "pyqt6_qt6-6.10.2-py3-none-manylinux_2_39_aarch64.whl", hash = "sha256:2e60d616861ca4565cd295418d605975aa2dc407ba4b94c1586a70c92e9cb052"},
    {file = "pyqt6_qt6-6.10.2-py3-none-win_amd64.whl", hash = "sha256:c4b7f7d66cc58bddf1bc1ca28dfcf7a45f58cfcb11d81d13a0510409dd4957ac"},
    {file = "pyqt6_qt6-6.10.2-py3-none-win_arm64.whl", hash = "sha256:7164a6f0c1335358a3026df9865c8f75395b01f60f0dcd2f66c029ec16fc83d2"},
]

[[package]]
name = "pyqt6-sip"
version = "13.11.1"
requires_python = ">=3.10"
summary = "The sip module support for PyQt6"
groups = ["gui"]
files = [
    {file = "pyqt6_sip-13.11.1-cp313-cp313-macosx_10_13_universal2.whl", hash = "sha256:0c6d097aae7df312519e2b36e001bd796f6a2ce060ab8b9ed793daa8f407fe2e"},
    {file = "pyqt6_sip-13.11.1-cp313-cp313-manylinux1_x86_64.manylinux_2_5_x86_64.whl", hash = "sha256:a72f4ebdab16a8a484019ff593de90d8013d3286b678c6ba1c0bdb117f4fcb13"},
    {file = "pyqt6_sip-13.11.1-cp313-cp313-manylinux_2_17_aarch64.manylinux2014_aarch64.whl", hash = "sha256:b68e442efc4275651bf63f2c43713e242924fd948909e31cf8f20d783ca505e9"},
    {file = "pyqt6_sip-13.11.1-cp313-cp313-win_amd64.whl", hash = "sha256:ca24bfd4d5d8274e338433df9ac41930650088c00018d3313c6bd8de21772a02"},
    {file = "pyqt6_sip-13.11.1-cp313-cp313-win_arm64.whl", hash = "sha256:f532144c43f2fddcccf2e25df50cdb4a744edb4ce4ba5ed2d0f2cef825197f2f"},
    {file = "pyqt6_sip-13.11.1-cp314-cp314-macosx_10_15_universal2.whl", hash = "sha256:cb931c1af45294bbe8039c5cfda184e3023f5dc766fc884964010eedd8fd85db"},
    {file = "pyqt6_sip-13.11.1-cp314-cp314-manylinux1_x86_64.manylinux_2_5_x86_64.whl", hash = "sha256:353d613129316e9f7eda6bbe821deb7b7ffa14483499189171fd8a246873f9ac"},
    {file = "pyqt6_sip-13.11.1-cp314-cp314-manylinux_2_17_aarch64.manylinux2014_aarch64.whl", hash = "sha256:fcadd68e09ee24cdda8f8bfcba52e59c9b297055d2c450f0eb89afa61a8dc31a"},
    {file = "pyqt6_sip-13.11.1-cp314-cp314-win_amd64.whl", hash = "sha256:581e287bf42587593b88b30d9db06ed0fccbf40f345a5bd3ec3f00a5692e2430"},
    {file = "pyqt6_sip-13.11.1-cp314-cp314-win_arm64.whl", hash = "sha256:42b62530a9b6a9c6e29c2941b8ab78258652da0aeae4eb1fc9a0631d19a7a7b2"},
    {file = "pyqt6_sip-13.11.1.tar.gz", hash = "sha256:869c5b48afe38e55b1ee0dd72182b0886e968cc509b98023ff50010b013ce1be"},
]

[[package]]
name = "pyqtgraph"
version = "0.14.0"
requires_python = ">=3.10"
summary = "Scientific Graphics and GUI Library for Python"
groups = ["gui"]
dependencies = [
    "colorama",
    "numpy>=1.25.0",
]
files = [
    {file = "pyqtgraph-0.14.0-py3-none-any.whl", hash = "sha256:7abb7c3e17362add64f8711b474dffac5e7b0e9245abdf992e9a44119b7aa4f5"},
]

[[package]]
name = "pyvcd"
version = "0.4.1"
requires_python = ">=3.7"
summary = "Python VCD file support"
groups = ["default"]
files = [
    {file = "pyvcd-0.4.1-py2.py3-none-any.whl", hash = "sha256:3a4c71d4dce741f1155a2ed11a6278390a0816293068f6162ad9658d20f75578"},
    {file = "pyvcd-0.4.1.tar.gz", hash = "sha256:dc6275e95a7949b8236086ab2e6d03afede73441243ec5109c9ea89077f3d696"},
]

[[package]]
name = "qasync"
version = "0.28.0"
requires_python = ">=3.8"
summary = "Python library for using asyncio in Qt-based applications"
groups = ["gui"]
files = [
    {file = "qasync-0.28.0-py3-none-any.whl", hash = "sha256:21faba8d047c717008378f5ac29ea58c32a8128528629e4afd57c59b768dba0f"},
    {file = "qasync-0.28.0.tar.gz", hash = "sha256:6f7f1f18971f59cb259b107218269ba56e3ad475ec456e54714b426a6e30b71d"},
]

[[package]]
name = "rfc3986"
version = "2.0.0"
requires_python = ">=3.7"
summary = "Validating URI References per RFC 3986"
groups = ["default"]
files = [
    {file = "rfc3986-2.0.0-py2.py3-none-any.whl", hash = "sha256:50b1502b60e289cb37883f3dfd34532b8873c7de9f49bb546641ce9cbd256ebd"},
    {file = "rfc3986-2.0.0.tar.gz", hash = "sha256:97aacf9dbd4bfd829baad6e6309fa6573aaf1be3f6fa735c8ab05e46cecb261c"},
]

[[package]]
name = "tifffile"
version = "2026.3.3"
requires_python = ">=3.11"
summary = "Read and write TIFF files"
groups = ["default"]
dependencies = [
    "numpy",
]
files = [
    {file = "tifffile-2026.3.3-py3-none-any.whl", hash = "sha256:e8be15c94273113d31ecb7aa3a39822189dd11c4967e3cc88c178f1ad2fd1170"},
    {file = "tifffile-2026.3.3.tar.gz", hash = "sha256:d9a1266bed6f2ee1dd0abde2018a38b4f8b2935cb843df381d70ac4eac5458b7"},
]

[[package]]
name = "tomlkit"
version = "0.14.0"
requires_python = ">=3.9"
summary = "Style preserving TOML library"
groups = ["default"]
files = [
    {file = "tomlkit-0.14.0-py3-none-any.whl", hash = "sha256:592064ed85b40fa213469f81ac584f67a4f2992509a7c3ea2d632208623a3680"},
    {file = "tomlkit-0.14.0.tar.gz", hash = "sha256:cf00efca415dbd57575befb1f6634c4f42d2d87dbba376128adb42c121b87064"},
]

[[package]]
name = "tqdm"
version = "4.67.3"
requires_python = ">=3.7"
summary = "Fast, Extensible Progress Meter"
groups = ["default"]
dependencies = [
    "colorama; platform_system == \"Windows\"",
    "importlib-metadata; python_version < \"3.8\"",
]
files = [
    {file = "tqdm-4.67.3-py3-none-any.whl", hash = "sha256:ee1e4c0e59148062281c49d80b25b67771a127c85fc9676d3be5f243206826bf"},
    {file = "tqdm-4.67.3.tar.gz", hash = "sha256:7d825f03f89244ef73f1d4ce193cb1774a8179fd96f31d7e1dcde62092b960bb"},
]

[[package]]
name = "typing-extensions"
version = "4.15.0"
requires_python = ">=3.9"
summary = "Backported and Experimental Type Hints for Python 3.9+"
groups = ["default"]
files = [
    {file = "typing_extensions-4.15.0-py3-none-any.whl", hash = "sha256:f0fa19c6845758ab08074a0cfa8b7aecb71c999ca73d62883bc25cc018c4e548"},
    {file = "typing_extensions-4.15.0.tar.gz", hash = "sha256:0cea48d173cc12fa28ecabc3b837ea3cf6f38c6d1136f85cbaaf598984861466"},
]

[[package]]
name = "wasmtime"
version = "42.0.0"
requires_python = ">=3.9"
summary = "A WebAssembly runtime powered by Wasmtime"
groups = ["default"]
files = [
    {file = "wasmtime-42.0.0-py3-none-android_26_arm64_v8a.whl", hash = "sha256:214e7d294ce1b5adb94f09a870a2ab6759173dc0194bdde74ee4492b477d8392"},
    {file = "wasmtime-42.0.0-py3-none-android_26_x86_64.whl", hash = "sha256:cdd9710fad242dde7cb0eacbe48bf902bb1bac6ecbecd3e743c31af463a795c6"},
    {file = "wasmtime-42.0.0-py3-none-any.whl", hash = "sha256:7a166bd262608806f3295343fcd07ee3e037f931f6d3b0a24ab1cfc7ccc3e8eb"},
    {file = "wasmtime-42.0.0-py3-none-macosx_10_13_x86_64.whl", hash = "sha256:21e3dafd74704de0e7ed7668ab76cc5a9df130b4306befbfcb08ddb29673c784"},
    {file = "wasmtime-42.0.0-py3-none-macosx_11_0_arm64.whl", hash = "sha256:411bf05df47c8a36c6b31b6012720ac1251b95fdd155e389b25eb6fbbd7e181c"},
    {file = "wasmtime-42.0.0-py3-none-manylinux1_x86_64.whl", hash = "sha256:ca12269ee88aac6b1f64b5f324abf3c6370ff853338d991292f10cb17b906667"},
    {file = "wasmtime-42.0.0-py3-none-manylinux2014_aarch64.whl", hash = "sha256:78f9353b9fdc2f6e7ed13e28ce0394533f5a62710b75c00434ac82681f738924"},
    {file = "wasmtime-42.0.0-py3-none-musllinux_1_2_aarch64.whl", hash = "sha256:ba317e879aab71c407e7012f4dc10b221c6daf737496c501005612e11d26e8ee"},
    {file = "wasmtime-42.0.0-py3-none-musllinux_1_2_x86_64.whl", hash = "sha256:e9ef6dbd1a2cff21694ba64f27b90a7ab0af61a54d911a59682005830683dc8a"},
    {file = "wasmtime-42.0.0-py3-none-win_amd64.whl", hash = "sha256:3a360a1285457021efe24369490cd719996596f2cbe1aa62dae6ad68179cf0f9"},
    {file = "wasmtime-42.0.0-py3-none-win_arm64.whl", hash = "sha256:8caa13a6ee264969449c008da1dcb8f9f6c954800853527714e7fcddbdda9166"},
    {file = "wasmtime-42.0.0.tar.gz", hash = "sha256:90485655d6e541b817a7baa1b3071b4525d03f76bcb6ad04661774f06a3b02d4"},
]

[[package]]
name = "yowasp-nextpnr-ice40"
version = "0.10.0.0.post753"
summary = "nextpnr-ice40 FPGA place and route tool"
groups = ["default"]
dependencies = [
    "yowasp-runtime~=1.1",
]
files = [
    {file = "yowasp_nextpnr_ice40-0.10.0.0.post753-py3-none-any.whl", hash = "sha256:6d7da39a5e6e6503c3d621032c2c5deff1df1bbda349a3f3a9fa4ae606064396"},
]

[[package]]
name = "yowasp-runtime"
version = "1.88"
requires_python = "~=3.8"
summary = "Common runtime for YoWASP packages"
groups = ["default"]
dependencies = [
    "importlib-resources; python_version < \"3.9\"",
    "platformdirs<5,>=3.0",
    "wasmtime<43,>=21.0.0",
]
files = [
    {file = "yowasp_runtime-1.88-py3-none-any.whl", hash = "sha256:daeffd249328aeea42273c86b348a53d125f13d5e2d692a31ed601a7c1abaf90"},
]

[[package]]
name = "yowasp-yosys"
version = "0.63.0.0.post1107"
requires_python = "~=3.9"
summary = "Yosys Open SYnthesis Suite"
groups = ["default"]
dependencies = [
    "click",
    "yowasp-runtime~=1.12",
]
files = [
    {file = "yowasp_yosys-0.63.0.0.post1107-py3-none-any.whl", hash = "sha256:7611adb19f3eb5ec2d3ee8d66da0ffc50c4db60affff92bc0033b6a9c8923705"},
]
