# This file is @generated by PDM.
# It is not intended for manual editing.

[metadata]
groups = ["default"]
strategy = ["cross_platform", "inherit_metadata"]
lock_version = "4.4.1"
content_hash = "sha256:dabdd3eaa4221e8f3eb09f6a5192e1ca893c9e5b55b9f613130da636006def3f"

[[package]]
name = "annotated-types"
version = "0.6.0"
requires_python = ">=3.8"
summary = "Reusable constraint types to use with typing.Annotated"
groups = ["default"]
files = [
    {file = "annotated_types-0.6.0-py3-none-any.whl", hash = "sha256:0641064de18ba7a25dee8f96403ebc39113d0cb953a01429249d5c7564666a43"},
    {file = "annotated_types-0.6.0.tar.gz", hash = "sha256:563339e807e53ffd9c267e99fc6d9ea23eb8443c08f112651963e24e22f84a5d"},
]

[[package]]
name = "hilbertcurve"
version = "2.0.5"
requires_python = ">=3.6"
summary = "Construct Hilbert Curves."
groups = ["default"]
dependencies = [
    "numpy",
]
files = [
    {file = "hilbertcurve-2.0.5-py3-none-any.whl", hash = "sha256:dbaad510237d3cd4355c189f00e8dbe66a9e66e03af37f9d3f257799292da363"},
    {file = "hilbertcurve-2.0.5.tar.gz", hash = "sha256:6a7703d9a2f1fe748c86d86908bf183e7d139b973645e4b2526e10b34e75796d"},
]

[[package]]
name = "numpy"
version = "1.26.4"
requires_python = ">=3.9"
summary = "Fundamental package for array computing in Python"
groups = ["default"]
files = [
    {file = "numpy-1.26.4-cp312-cp312-macosx_10_9_x86_64.whl", hash = "sha256:b3ce300f3644fb06443ee2222c2201dd3a89ea6040541412b8fa189341847218"},
    {file = "numpy-1.26.4-cp312-cp312-macosx_11_0_arm64.whl", hash = "sha256:03a8c78d01d9781b28a6989f6fa1bb2c4f2d51201cf99d3dd875df6fbd96b23b"},
    {file = "numpy-1.26.4-cp312-cp312-manylinux_2_17_aarch64.manylinux2014_aarch64.whl", hash = "sha256:9fad7dcb1aac3c7f0584a5a8133e3a43eeb2fe127f47e3632d43d677c66c102b"},
    {file = "numpy-1.26.4-cp312-cp312-manylinux_2_17_x86_64.manylinux2014_x86_64.whl", hash = "sha256:675d61ffbfa78604709862923189bad94014bef562cc35cf61d3a07bba02a7ed"},
    {file = "numpy-1.26.4-cp312-cp312-musllinux_1_1_aarch64.whl", hash = "sha256:ab47dbe5cc8210f55aa58e4805fe224dac469cde56b9f731a4c098b91917159a"},
    {file = "numpy-1.26.4-cp312-cp312-musllinux_1_1_x86_64.whl", hash = "sha256:1dda2e7b4ec9dd512f84935c5f126c8bd8b9f2fc001e9f54af255e8c5f16b0e0"},
    {file = "numpy-1.26.4-cp312-cp312-win32.whl", hash = "sha256:50193e430acfc1346175fcbdaa28ffec49947a06918b7b92130744e81e640110"},
    {file = "numpy-1.26.4-cp312-cp312-win_amd64.whl", hash = "sha256:08beddf13648eb95f8d867350f6a018a4be2e5ad54c8d8caed89ebca558b2818"},
    {file = "numpy-1.26.4-pp39-pypy39_pp73-macosx_10_9_x86_64.whl", hash = "sha256:afedb719a9dcfc7eaf2287b839d8198e06dcd4cb5d276a3df279231138e83d30"},
    {file = "numpy-1.26.4-pp39-pypy39_pp73-manylinux_2_17_x86_64.manylinux2014_x86_64.whl", hash = "sha256:95a7476c59002f2f6c590b9b7b998306fba6a5aa646b1e22ddfeaf8f78c3a29c"},
    {file = "numpy-1.26.4-pp39-pypy39_pp73-win_amd64.whl", hash = "sha256:7e50d0a0cc3189f9cb0aeb3a6a6af18c16f59f004b866cd2be1c14b36134a4a0"},
    {file = "numpy-1.26.4.tar.gz", hash = "sha256:2a02aba9ed12e4ac4eb3ea9421c420301a0c6460d9830d74a9df87efa4912010"},
]

[[package]]
name = "ome-types"
version = "0.5.1.post1"
requires_python = ">=3.8"
summary = "Python dataclasses for the OME data model"
groups = ["default"]
dependencies = [
    "pydantic-compat>=0.1.0",
    "pydantic>=1.9.0",
    "xsdata<24.4,>=23.6",
]
files = [
    {file = "ome_types-0.5.1.post1-py3-none-any.whl", hash = "sha256:49fc57a81cf179b354e2a62e0d15936522e9f35afbe536fdad92139d8285b8ef"},
    {file = "ome_types-0.5.1.post1.tar.gz", hash = "sha256:cadda5e36ad4d33dad2034fd43f32113a736fe47c67fd9e06bbb8d3858d1dc58"},
]

[[package]]
name = "pillow"
version = "10.2.0"
requires_python = ">=3.8"
summary = "Python Imaging Library (Fork)"
groups = ["default"]
files = [
    {file = "pillow-10.2.0-cp312-cp312-macosx_10_10_x86_64.whl", hash = "sha256:1b5e1b74d1bd1b78bc3477528919414874748dd363e6272efd5abf7654e68bef"},
    {file = "pillow-10.2.0-cp312-cp312-macosx_11_0_arm64.whl", hash = "sha256:0eae2073305f451d8ecacb5474997c08569fb4eb4ac231ffa4ad7d342fdc25ac"},
    {file = "pillow-10.2.0-cp312-cp312-manylinux_2_17_aarch64.manylinux2014_aarch64.whl", hash = "sha256:b7c2286c23cd350b80d2fc9d424fc797575fb16f854b831d16fd47ceec078f2c"},
    {file = "pillow-10.2.0-cp312-cp312-manylinux_2_17_x86_64.manylinux2014_x86_64.whl", hash = "sha256:1e23412b5c41e58cec602f1135c57dfcf15482013ce6e5f093a86db69646a5aa"},
    {file = "pillow-10.2.0-cp312-cp312-manylinux_2_28_aarch64.whl", hash = "sha256:52a50aa3fb3acb9cf7213573ef55d31d6eca37f5709c69e6858fe3bc04a5c2a2"},
    {file = "pillow-10.2.0-cp312-cp312-manylinux_2_28_x86_64.whl", hash = "sha256:127cee571038f252a552760076407f9cff79761c3d436a12af6000cd182a9d04"},
    {file = "pillow-10.2.0-cp312-cp312-musllinux_1_1_aarch64.whl", hash = "sha256:8d12251f02d69d8310b046e82572ed486685c38f02176bd08baf216746eb947f"},
    {file = "pillow-10.2.0-cp312-cp312-musllinux_1_1_x86_64.whl", hash = "sha256:54f1852cd531aa981bc0965b7d609f5f6cc8ce8c41b1139f6ed6b3c54ab82bfb"},
    {file = "pillow-10.2.0-cp312-cp312-win32.whl", hash = "sha256:257d8788df5ca62c980314053197f4d46eefedf4e6175bc9412f14412ec4ea2f"},
    {file = "pillow-10.2.0-cp312-cp312-win_amd64.whl", hash = "sha256:154e939c5f0053a383de4fd3d3da48d9427a7e985f58af8e94d0b3c9fcfcf4f9"},
    {file = "pillow-10.2.0-cp312-cp312-win_arm64.whl", hash = "sha256:f379abd2f1e3dddb2b61bc67977a6b5a0a3f7485538bcc6f39ec76163891ee48"},
    {file = "pillow-10.2.0-pp310-pypy310_pp73-macosx_10_10_x86_64.whl", hash = "sha256:322209c642aabdd6207517e9739c704dc9f9db943015535783239022002f054a"},
    {file = "pillow-10.2.0-pp310-pypy310_pp73-manylinux_2_17_aarch64.manylinux2014_aarch64.whl", hash = "sha256:3eedd52442c0a5ff4f887fab0c1c0bb164d8635b32c894bc1faf4c618dd89df2"},
    {file = "pillow-10.2.0-pp310-pypy310_pp73-manylinux_2_17_x86_64.manylinux2014_x86_64.whl", hash = "sha256:cb28c753fd5eb3dd859b4ee95de66cc62af91bcff5db5f2571d32a520baf1f04"},
    {file = "pillow-10.2.0-pp310-pypy310_pp73-manylinux_2_28_aarch64.whl", hash = "sha256:33870dc4653c5017bf4c8873e5488d8f8d5f8935e2f1fb9a2208c47cdd66efd2"},
    {file = "pillow-10.2.0-pp310-pypy310_pp73-manylinux_2_28_x86_64.whl", hash = "sha256:3c31822339516fb3c82d03f30e22b1d038da87ef27b6a78c9549888f8ceda39a"},
    {file = "pillow-10.2.0-pp310-pypy310_pp73-win_amd64.whl", hash = "sha256:a2b56ba36e05f973d450582fb015594aaa78834fefe8dfb8fcd79b93e64ba4c6"},
    {file = "pillow-10.2.0-pp38-pypy38_pp73-win_amd64.whl", hash = "sha256:d8e6aeb9201e655354b3ad049cb77d19813ad4ece0df1249d3c793de3774f8c7"},
    {file = "pillow-10.2.0-pp39-pypy39_pp73-macosx_10_10_x86_64.whl", hash = "sha256:2247178effb34a77c11c0e8ac355c7a741ceca0a732b27bf11e747bbc950722f"},
    {file = "pillow-10.2.0-pp39-pypy39_pp73-manylinux_2_17_aarch64.manylinux2014_aarch64.whl", hash = "sha256:15587643b9e5eb26c48e49a7b33659790d28f190fc514a322d55da2fb5c2950e"},
    {file = "pillow-10.2.0-pp39-pypy39_pp73-manylinux_2_17_x86_64.manylinux2014_x86_64.whl", hash = "sha256:753cd8f2086b2b80180d9b3010dd4ed147efc167c90d3bf593fe2af21265e5a5"},
    {file = "pillow-10.2.0-pp39-pypy39_pp73-manylinux_2_28_aarch64.whl", hash = "sha256:7c8f97e8e7a9009bcacbe3766a36175056c12f9a44e6e6f2d5caad06dcfbf03b"},
    {file = "pillow-10.2.0-pp39-pypy39_pp73-manylinux_2_28_x86_64.whl", hash = "sha256:d1b35bcd6c5543b9cb547dee3150c93008f8dd0f1fef78fc0cd2b141c5baf58a"},
    {file = "pillow-10.2.0-pp39-pypy39_pp73-win_amd64.whl", hash = "sha256:fe4c15f6c9285dc54ce6553a3ce908ed37c8f3825b5a51a15c91442bb955b868"},
    {file = "pillow-10.2.0.tar.gz", hash = "sha256:e87f0b2c78157e12d7686b27d63c070fd65d994e8ddae6f328e0dcf4a0cd007e"},
]

[[package]]
name = "pydantic"
version = "2.7.0"
requires_python = ">=3.8"
summary = "Data validation using Python type hints"
groups = ["default"]
dependencies = [
    "annotated-types>=0.4.0",
    "pydantic-core==2.18.1",
    "typing-extensions>=4.6.1",
]
files = [
    {file = "pydantic-2.7.0-py3-none-any.whl", hash = "sha256:9dee74a271705f14f9a1567671d144a851c675b072736f0a7b2608fd9e495352"},
    {file = "pydantic-2.7.0.tar.gz", hash = "sha256:b5ecdd42262ca2462e2624793551e80911a1e989f462910bb81aef974b4bb383"},
]

[[package]]
name = "pydantic-compat"
version = "0.1.2"
requires_python = ">=3.7"
summary = "Compatibility layer for pydantic v1/v2"
groups = ["default"]
dependencies = [
    "pydantic",
]
files = [
    {file = "pydantic_compat-0.1.2-py3-none-any.whl", hash = "sha256:37a4df48565a35aedc947f0fde5edbdff270a30836d995923287292bb59d5677"},
    {file = "pydantic_compat-0.1.2.tar.gz", hash = "sha256:c5c5bca39ca2d22cad00c02898e400e1920e5127649a8e860637f15566739373"},
]

[[package]]
name = "pydantic-core"
version = "2.18.1"
requires_python = ">=3.8"
summary = "Core functionality for Pydantic validation and serialization"
groups = ["default"]
dependencies = [
    "typing-extensions!=4.7.0,>=4.6.0",
]
files = [
    {file = "pydantic_core-2.18.1-cp312-cp312-macosx_10_12_x86_64.whl", hash = "sha256:b6b0e4912030c6f28bcb72b9ebe4989d6dc2eebcd2a9cdc35fefc38052dd4fe8"},
    {file = "pydantic_core-2.18.1-cp312-cp312-macosx_11_0_arm64.whl", hash = "sha256:f3202a429fe825b699c57892d4371c74cc3456d8d71b7f35d6028c96dfecad31"},
    {file = "pydantic_core-2.18.1-cp312-cp312-manylinux_2_17_aarch64.manylinux2014_aarch64.whl", hash = "sha256:a3982b0a32d0a88b3907e4b0dc36809fda477f0757c59a505d4e9b455f384b8b"},
    {file = "pydantic_core-2.18.1-cp312-cp312-manylinux_2_17_armv7l.manylinux2014_armv7l.whl", hash = "sha256:25595ac311f20e5324d1941909b0d12933f1fd2171075fcff763e90f43e92a0d"},
    {file = "pydantic_core-2.18.1-cp312-cp312-manylinux_2_17_ppc64le.manylinux2014_ppc64le.whl", hash = "sha256:14fe73881cf8e4cbdaded8ca0aa671635b597e42447fec7060d0868b52d074e6"},
    {file = "pydantic_core-2.18.1-cp312-cp312-manylinux_2_17_s390x.manylinux2014_s390x.whl", hash = "sha256:ca976884ce34070799e4dfc6fbd68cb1d181db1eefe4a3a94798ddfb34b8867f"},
    {file = "pydantic_core-2.18.1-cp312-cp312-manylinux_2_17_x86_64.manylinux2014_x86_64.whl", hash = "sha256:684d840d2c9ec5de9cb397fcb3f36d5ebb6fa0d94734f9886032dd796c1ead06"},
    {file = "pydantic_core-2.18.1-cp312-cp312-manylinux_2_5_i686.manylinux1_i686.whl", hash = "sha256:54764c083bbe0264f0f746cefcded6cb08fbbaaf1ad1d78fb8a4c30cff999a90"},
    {file = "pydantic_core-2.18.1-cp312-cp312-musllinux_1_1_aarch64.whl", hash = "sha256:201713f2f462e5c015b343e86e68bd8a530a4f76609b33d8f0ec65d2b921712a"},
    {file = "pydantic_core-2.18.1-cp312-cp312-musllinux_1_1_x86_64.whl", hash = "sha256:fd1a9edb9dd9d79fbeac1ea1f9a8dd527a6113b18d2e9bcc0d541d308dae639b"},
    {file = "pydantic_core-2.18.1-cp312-none-win32.whl", hash = "sha256:d5e6b7155b8197b329dc787356cfd2684c9d6a6b1a197f6bbf45f5555a98d411"},
    {file = "pydantic_core-2.18.1-cp312-none-win_amd64.whl", hash = "sha256:9376d83d686ec62e8b19c0ac3bf8d28d8a5981d0df290196fb6ef24d8a26f0d6"},
    {file = "pydantic_core-2.18.1-cp312-none-win_arm64.whl", hash = "sha256:c562b49c96906b4029b5685075fe1ebd3b5cc2601dfa0b9e16c2c09d6cbce048"},
    {file = "pydantic_core-2.18.1-pp310-pypy310_pp73-macosx_10_12_x86_64.whl", hash = "sha256:e178e5b66a06ec5bf51668ec0d4ac8cfb2bdcb553b2c207d58148340efd00143"},
    {file = "pydantic_core-2.18.1-pp310-pypy310_pp73-macosx_11_0_arm64.whl", hash = "sha256:72722ce529a76a4637a60be18bd789d8fb871e84472490ed7ddff62d5fed620d"},
    {file = "pydantic_core-2.18.1-pp310-pypy310_pp73-manylinux_2_17_aarch64.manylinux2014_aarch64.whl", hash = "sha256:2fe0c1ce5b129455e43f941f7a46f61f3d3861e571f2905d55cdbb8b5c6f5e2c"},
    {file = "pydantic_core-2.18.1-pp310-pypy310_pp73-manylinux_2_17_x86_64.manylinux2014_x86_64.whl", hash = "sha256:d4284c621f06a72ce2cb55f74ea3150113d926a6eb78ab38340c08f770eb9b4d"},
    {file = "pydantic_core-2.18.1-pp310-pypy310_pp73-manylinux_2_5_i686.manylinux1_i686.whl", hash = "sha256:1a0c3e718f4e064efde68092d9d974e39572c14e56726ecfaeebbe6544521f47"},
    {file = "pydantic_core-2.18.1-pp310-pypy310_pp73-musllinux_1_1_aarch64.whl", hash = "sha256:2027493cc44c23b598cfaf200936110433d9caa84e2c6cf487a83999638a96ac"},
    {file = "pydantic_core-2.18.1-pp310-pypy310_pp73-musllinux_1_1_x86_64.whl", hash = "sha256:76909849d1a6bffa5a07742294f3fa1d357dc917cb1fe7b470afbc3a7579d539"},
    {file = "pydantic_core-2.18.1-pp310-pypy310_pp73-win_amd64.whl", hash = "sha256:ee7ccc7fb7e921d767f853b47814c3048c7de536663e82fbc37f5eb0d532224b"},
    {file = "pydantic_core-2.18.1-pp39-pypy39_pp73-macosx_10_12_x86_64.whl", hash = "sha256:ee2794111c188548a4547eccc73a6a8527fe2af6cf25e1a4ebda2fd01cdd2e60"},
    {file = "pydantic_core-2.18.1-pp39-pypy39_pp73-macosx_11_0_arm64.whl", hash = "sha256:a139fe9f298dc097349fb4f28c8b81cc7a202dbfba66af0e14be5cfca4ef7ce5"},
    {file = "pydantic_core-2.18.1-pp39-pypy39_pp73-manylinux_2_17_aarch64.manylinux2014_aarch64.whl", hash = "sha256:d074b07a10c391fc5bbdcb37b2f16f20fcd9e51e10d01652ab298c0d07908ee2"},
    {file = "pydantic_core-2.18.1-pp39-pypy39_pp73-manylinux_2_17_x86_64.manylinux2014_x86_64.whl", hash = "sha256:c69567ddbac186e8c0aadc1f324a60a564cfe25e43ef2ce81bcc4b8c3abffbae"},
    {file = "pydantic_core-2.18.1-pp39-pypy39_pp73-manylinux_2_5_i686.manylinux1_i686.whl", hash = "sha256:baf1c7b78cddb5af00971ad5294a4583188bda1495b13760d9f03c9483bb6203"},
    {file = "pydantic_core-2.18.1-pp39-pypy39_pp73-musllinux_1_1_aarch64.whl", hash = "sha256:2684a94fdfd1b146ff10689c6e4e815f6a01141781c493b97342cdc5b06f4d5d"},
    {file = "pydantic_core-2.18.1-pp39-pypy39_pp73-musllinux_1_1_x86_64.whl", hash = "sha256:73c1bc8a86a5c9e8721a088df234265317692d0b5cd9e86e975ce3bc3db62a59"},
    {file = "pydantic_core-2.18.1-pp39-pypy39_pp73-win_amd64.whl", hash = "sha256:e60defc3c15defb70bb38dd605ff7e0fae5f6c9c7cbfe0ad7868582cb7e844a6"},
    {file = "pydantic_core-2.18.1.tar.gz", hash = "sha256:de9d3e8717560eb05e28739d1b35e4eac2e458553a52a301e51352a7ffc86a35"},
]

[[package]]
name = "tifffile"
version = "2024.2.12"
requires_python = ">=3.9"
summary = "Read and write TIFF files"
groups = ["default"]
dependencies = [
    "numpy",
]
files = [
    {file = "tifffile-2024.2.12-py3-none-any.whl", hash = "sha256:870998f82fbc94ff7c3528884c1b0ae54863504ff51dbebea431ac3fa8fb7c21"},
    {file = "tifffile-2024.2.12.tar.gz", hash = "sha256:4920a3ec8e8e003e673d3c6531863c99eedd570d1b8b7e141c072ed78ff8030d"},
]

[[package]]
name = "typing-extensions"
version = "4.11.0"
requires_python = ">=3.8"
summary = "Backported and Experimental Type Hints for Python 3.8+"
groups = ["default"]
files = [
    {file = "typing_extensions-4.11.0-py3-none-any.whl", hash = "sha256:c1f94d72897edaf4ce775bb7558d5b79d8126906a14ea5ed1635921406c0387a"},
    {file = "typing_extensions-4.11.0.tar.gz", hash = "sha256:83f085bd5ca59c80295fc2a82ab5dac679cbe02b9f33f7d83af68e241bea51b0"},
]

[[package]]
name = "xsdata"
version = "24.3.1"
requires_python = ">=3.8"
summary = "Python XML Binding"
groups = ["default"]
dependencies = [
    "typing-extensions",
]
files = [
    {file = "xsdata-24.3.1-py3-none-any.whl", hash = "sha256:2f4a00ec33fb6ff41fca95f3fac826b83fc34d8644e2f3da830ad393defb5705"},
    {file = "xsdata-24.3.1.tar.gz", hash = "sha256:cf6c6895616260cbe2a4eff6f8f906cd16f9c1dba8fd8561e500b91269b86616"},
]
